
Microsoft Visual Studio Solution File, Format Version 12.00
# Visual Studio Version 16
VisualStudioVersion = 16.0.29519.87
MinimumVisualStudioVersion = 10.0.40219.1
Project("{FAE04EC0-301F-11D3-BF4B-00C04F79EFBC}") = "LinQ", "LinQ\LinQ.csproj", "{869F75FE-B200-4A56-BD65-39F58C5179AA}"
EndProject
Global
	GlobalSection(SolutionConfigurationPlatforms) = preSolution
		Debug|Any CPU = Debug|Any CPU
		Release|Any CPU = Release|Any CPU
	EndGlobalSection
	GlobalSection(ProjectConfigurationPlatforms) = postSolution
		{869F75FE-B200-4A56-BD65-39F58C5179AA}.Debug|Any CPU.ActiveCfg = Debug|Any CPU
		{869F75FE-B200-4A56-BD65-39F58C5179AA}.Debug|Any CPU.Build.0 = Debug|Any CPU
		{869F75FE-B200-4A56-BD65-39F58C5179AA}.Release|Any CPU.ActiveCfg = Release|Any CPU
		{869F75FE-B200-4A56-BD65-39F58C5179AA}.Release|Any CPU.Build.0 = Release|Any CPU
	EndGlobalSection
	GlobalSection(SolutionProperties) = preSolution
		HideSolutionNode = FALSE
	EndGlobalSection
	GlobalSection(ExtensibilityGlobals) = postSolution
		SolutionGuid = {473CF93C-F6B3-485B-83C7-8B4C1F3D37BD}
	EndGlobalSection
EndGlobal
